
Microsoft Visual Studio Solution File, Format Version 12.00
# Visual Studio 15
VisualStudioVersion = 15.0.26730.16
MinimumVisualStudioVersion = 10.0.40219.1
Project("{FAE04EC0-301F-11D3-BF4B-00C04F79EFBC}") = "travelapp", "travelapp\travelapp.csproj", "{86290FFE-91BE-4819-9A32-DCA0EBD5725E}"
EndProject
Project("{FAE04EC0-301F-11D3-BF4B-00C04F79EFBC}") = "travelapp.services", "services\travelapp.services.csproj", "{01A072B3-0C4F-4F7D-BF37-0598C63C9A05}"
EndProject
Global
	GlobalSection(SolutionConfigurationPlatforms) = preSolution
		Debug|Any CPU = Debug|Any CPU
		Release|Any CPU = Release|Any CPU
	EndGlobalSection
	GlobalSection(ProjectConfigurationPlatforms) = postSolution
		{86290FFE-91BE-4819-9A32-DCA0EBD5725E}.Debug|Any CPU.ActiveCfg = Debug|Any CPU
		{86290FFE-91BE-4819-9A32-DCA0EBD5725E}.Debug|Any CPU.Build.0 = Debug|Any CPU
		{86290FFE-91BE-4819-9A32-DCA0EBD5725E}.Release|Any CPU.ActiveCfg = Release|Any CPU
		{86290FFE-91BE-4819-9A32-DCA0EBD5725E}.Release|Any CPU.Build.0 = Release|Any CPU
		{01A072B3-0C4F-4F7D-BF37-0598C63C9A05}.Debug|Any CPU.ActiveCfg = Debug|Any CPU
		{01A072B3-0C4F-4F7D-BF37-0598C63C9A05}.Debug|Any CPU.Build.0 = Debug|Any CPU
		{01A072B3-0C4F-4F7D-BF37-0598C63C9A05}.Release|Any CPU.ActiveCfg = Release|Any CPU
		{01A072B3-0C4F-4F7D-BF37-0598C63C9A05}.Release|Any CPU.Build.0 = Release|Any CPU
	EndGlobalSection
	GlobalSection(SolutionProperties) = preSolution
		HideSolutionNode = FALSE
	EndGlobalSection
	GlobalSection(ExtensibilityGlobals) = postSolution
		SolutionGuid = {B3644721-53C4-4A0B-A849-00DA30572224}
	EndGlobalSection
EndGlobal
